{
  "name": "kingdom-design-house",
  "version": "1.0.0",
  "lockfileVersion": 3,
  "requires": true,
  "packages": {
    "": {
      "dependencies": {
        "@fortawesome/fontawesome-svg-core": "^7.0.1",
        "@fortawesome/free-solid-svg-icons": "^7.0.1",
        "@fortawesome/react-fontawesome": "^3.0.2",
        "@heroicons/react": "^2.2.0"
      }
    },
    "frontend": {
      "name": "kingdom-design-house",
      "version": "0.1.0",
      "extraneous": true,
      "dependencies": {
        "next": "14.0.0",
        "react": "^18.2.0",
        "react-dom": "^18.2.0",
        "sass": "^1.92.1"
      },
      "devDependencies": {
        "eslint": "^8.0.0",
        "eslint-config-next": "14.0.0"
      }
    },
    "node_modules/@fortawesome/fontawesome-common-types": {
      "version": "7.0.1",
      "resolved": "https://registry.npmjs.org/@fortawesome/fontawesome-common-types/-/fontawesome-common-types-7.0.1.tgz",
      "integrity": "sha512-0VpNtO5cNe1/HQWMkl4OdncYK/mv9hnBte0Ew0n6DMzmo3Q3WzDFABHm6LeNTipt5zAyhQ6Ugjiu8aLaEjh1gg==",
      "license": "MIT",
      "engines": {
        "node": ">=6"
      }
    },
    "node_modules/@fortawesome/fontawesome-svg-core": {
      "version": "7.0.1",
      "resolved": "https://registry.npmjs.org/@fortawesome/fontawesome-svg-core/-/fontawesome-svg-core-7.0.1.tgz",
      "integrity": "sha512-x0cR55ILVqFpUioSMf6ebpRCMXMcheGN743P05W2RB5uCNpJUqWIqW66Lap8PfL/lngvjTbZj0BNSUweIr/fHQ==",
      "license": "MIT",
      "dependencies": {
        "@fortawesome/fontawesome-common-types": "7.0.1"
      },
      "engines": {
        "node": ">=6"
      }
    },
    "node_modules/@fortawesome/free-solid-svg-icons": {
      "version": "7.0.1",
      "resolved": "https://registry.npmjs.org/@fortawesome/free-solid-svg-icons/-/free-solid-svg-icons-7.0.1.tgz",
      "integrity": "sha512-esKuSrl1WMOTMDLNt38i16VfLe/gRZt2ZAJ3Yw7slfs7sj583MKqNFqO57zmhknk1Sya6f9Wys89aCzIJkcqlg==",
      "license": "(CC-BY-4.0 AND MIT)",
      "dependencies": {
        "@fortawesome/fontawesome-common-types": "7.0.1"
      },
      "engines": {
        "node": ">=6"
      }
    },
    "node_modules/@fortawesome/react-fontawesome": {
      "version": "3.0.2",
      "resolved": "https://registry.npmjs.org/@fortawesome/react-fontawesome/-/react-fontawesome-3.0.2.tgz",
      "integrity": "sha512-cmp/nT0pPC7HUALF8uc3+D5ECwEBWxYQbOIHwtGUWEu72sWtZc26k5onr920HWOViF0nYaC+Qzz6Ln56SQcaVg==",
      "license": "MIT",
      "engines": {
        "node": ">=20"
      },
      "peerDependencies": {
        "@fortawesome/fontawesome-svg-core": "~6 || ~7",
        "react": "^18.0.0 || ^19.0.0"
      }
    },
    "node_modules/@heroicons/react": {
      "version": "2.2.0",
      "resolved": "https://registry.npmjs.org/@heroicons/react/-/react-2.2.0.tgz",
      "integrity": "sha512-LMcepvRaS9LYHJGsF0zzmgKCUim/X3N/DQKc4jepAXJ7l8QxJ1PmxJzqplF2Z3FE4PqBAIGyJAQ/w4B5dsqbtQ==",
      "license": "MIT",
      "peerDependencies": {
        "react": ">= 16 || ^19.0.0-rc"
      }
    },
    "node_modules/js-tokens": {
      "version": "4.0.0",
      "resolved": "https://registry.npmjs.org/js-tokens/-/js-tokens-4.0.0.tgz",
      "integrity": "sha512-RdJUflcE3cUzKiMqQgsCu06FPu9UdIJO0beYbPhHN4k6apgJtifcoCtT9bcxOpYBtpD2kCM6Sbzg4CausW/PKQ==",
      "license": "MIT",
      "peer": true
    },
    "node_modules/loose-envify": {
      "version": "1.4.0",
      "resolved": "https://registry.npmjs.org/loose-envify/-/loose-envify-1.4.0.tgz",
      "integrity": "sha512-lyuxPGr/Wfhrlem2CL/UcnUc1zcqKAImBDzukY7Y5F/yQiNdko6+fRLevlw1HgMySw7f611UIY408EtxRSoK3Q==",
      "license": "MIT",
      "peer": true,
      "dependencies": {
        "js-tokens": "^3.0.0 || ^4.0.0"
      },
      "bin": {
        "loose-envify": "cli.js"
      }
    },
    "node_modules/react": {
      "version": "18.3.1",
      "resolved": "https://registry.npmjs.org/react/-/react-18.3.1.tgz",
      "integrity": "sha512-wS+hAgJShR0KhEvPJArfuPVN1+Hz1t0Y6n5jLrGQbkb4urgPE/0Rve+1kMB1v/oWgHgm4WIcV+i7F2pTVj+2iQ==",
      "license": "MIT",
      "peer": true,
      "dependencies": {
        "loose-envify": "^1.1.0"
      },
      "engines": {
        "node": ">=0.10.0"
      }
    },
    "rag-api": {
      "name": "kingdom-design-house-rag-api",
      "version": "1.0.0",
      "extraneous": true,
      "license": "MIT",
      "dependencies": {
        "@pinecone-database/pinecone": "^1.1.0",
        "cors": "^2.8.5",
        "dotenv": "^16.3.1",
        "express": "^4.18.2",
        "openai": "^4.20.1"
      },
      "devDependencies": {
        "jest": "^29.7.0",
        "nodemon": "^3.0.1"
      }
    }
  }
}
